// !$*UTF8*$!
{
	archiveVersion = 1;
	classes = {
	};
	objectVersion = 50;
	objects = {

/* Begin PBXBuildFile section */
		227105542220681E00DC86A8 /* CustomError.swift in Sources */ = {isa = PBXBuildFile; fileRef = 227105532220681E00DC86A8 /* CustomError.swift */; };
		22897A0F221F0AD600F89D48 /* Items.swift in Sources */ = {isa = PBXBuildFile; fileRef = 22897A0E221F0AD600F89D48 /* Items.swift */; };
		22897A12221F2D4E00F89D48 /* FloatEXT.swift in Sources */ = {isa = PBXBuildFile; fileRef = 22897A11221F2D4E00F89D48 /* FloatEXT.swift */; };
		22897A15221F2F0F00F89D48 /* LoginStatus.swift in Sources */ = {isa = PBXBuildFile; fileRef = 22897A14221F2F0F00F89D48 /* LoginStatus.swift */; };
		22897A17221F3A9600F89D48 /* IntEXT.swift in Sources */ = {isa = PBXBuildFile; fileRef = 22897A16221F3A9600F89D48 /* IntEXT.swift */; };
		22897A19221F4B3F00F89D48 /* SetEXT.swift in Sources */ = {isa = PBXBuildFile; fileRef = 22897A18221F4B3F00F89D48 /* SetEXT.swift */; };
		3A115715221C8A6F00205B0D /* main.swift in Sources */ = {isa = PBXBuildFile; fileRef = 3A115714221C8A6F00205B0D /* main.swift */; };
		3A115729221C96DB00205B0D /* OrderDetails.swift in Sources */ = {isa = PBXBuildFile; fileRef = 3A115722221C96DA00205B0D /* OrderDetails.swift */; };
		3A11572A221C96DB00205B0D /* Orders.swift in Sources */ = {isa = PBXBuildFile; fileRef = 3A115723221C96DA00205B0D /* Orders.swift */; };
		3A11572B221C96DB00205B0D /* ShippingInfo.swift in Sources */ = {isa = PBXBuildFile; fileRef = 3A115724221C96DB00205B0D /* ShippingInfo.swift */; };
		3A11572C221C96DB00205B0D /* User.swift in Sources */ = {isa = PBXBuildFile; fileRef = 3A115725221C96DB00205B0D /* User.swift */; };
		3A11572D221C96DB00205B0D /* ShoppingCart.swift in Sources */ = {isa = PBXBuildFile; fileRef = 3A115726221C96DB00205B0D /* ShoppingCart.swift */; };
		3A11572E221C96DB00205B0D /* Customer.swift in Sources */ = {isa = PBXBuildFile; fileRef = 3A115727221C96DB00205B0D /* Customer.swift */; };
		3A11572F221C96DB00205B0D /* Administrator.swift in Sources */ = {isa = PBXBuildFile; fileRef = 3A115728221C96DB00205B0D /* Administrator.swift */; };
		3A115732221C9C3700205B0D /* StringEXT.swift in Sources */ = {isa = PBXBuildFile; fileRef = 3A115731221C9C3700205B0D /* StringEXT.swift */; };
		3A356D052223906400ABC392 /* IDisplay.swift in Sources */ = {isa = PBXBuildFile; fileRef = 3A356D042223906400ABC392 /* IDisplay.swift */; };
		9B494B202220D0F000CD04B0 /* OrderStatus.swift in Sources */ = {isa = PBXBuildFile; fileRef = 9B494B1F2220D0F000CD04B0 /* OrderStatus.swift */; };
/* End PBXBuildFile section */

/* Begin PBXCopyFilesBuildPhase section */
		3A11570F221C8A6F00205B0D /* CopyFiles */ = {
			isa = PBXCopyFilesBuildPhase;
			buildActionMask = 2147483647;
			dstPath = /usr/share/man/man1/;
			dstSubfolderSpec = 0;
			files = (
			);
			runOnlyForDeploymentPostprocessing = 1;
		};
/* End PBXCopyFilesBuildPhase section */

/* Begin PBXFileReference section */
		227105532220681E00DC86A8 /* CustomError.swift */ = {isa = PBXFileReference; lastKnownFileType = sourcecode.swift; path = CustomError.swift; sourceTree = "<group>"; };
		22897A0E221F0AD600F89D48 /* Items.swift */ = {isa = PBXFileReference; lastKnownFileType = sourcecode.swift; path = Items.swift; sourceTree = "<group>"; };
		22897A11221F2D4E00F89D48 /* FloatEXT.swift */ = {isa = PBXFileReference; lastKnownFileType = sourcecode.swift; path = FloatEXT.swift; sourceTree = "<group>"; };
		22897A14221F2F0F00F89D48 /* LoginStatus.swift */ = {isa = PBXFileReference; lastKnownFileType = sourcecode.swift; path = LoginStatus.swift; sourceTree = "<group>"; };
		22897A16221F3A9600F89D48 /* IntEXT.swift */ = {isa = PBXFileReference; lastKnownFileType = sourcecode.swift; path = IntEXT.swift; sourceTree = "<group>"; };
		22897A18221F4B3F00F89D48 /* SetEXT.swift */ = {isa = PBXFileReference; lastKnownFileType = sourcecode.swift; path = SetEXT.swift; sourceTree = "<group>"; };
		3A115711221C8A6F00205B0D /* Group1_W2019_3004 */ = {isa = PBXFileReference; explicitFileType = "compiled.mach-o.executable"; includeInIndex = 0; path = Group1_W2019_3004; sourceTree = BUILT_PRODUCTS_DIR; };
		3A115714221C8A6F00205B0D /* main.swift */ = {isa = PBXFileReference; lastKnownFileType = sourcecode.swift; path = main.swift; sourceTree = "<group>"; };
		3A115722221C96DA00205B0D /* OrderDetails.swift */ = {isa = PBXFileReference; fileEncoding = 4; lastKnownFileType = sourcecode.swift; path = OrderDetails.swift; sourceTree = "<group>"; };
		3A115723221C96DA00205B0D /* Orders.swift */ = {isa = PBXFileReference; fileEncoding = 4; lastKnownFileType = sourcecode.swift; path = Orders.swift; sourceTree = "<group>"; };
		3A115724221C96DB00205B0D /* ShippingInfo.swift */ = {isa = PBXFileReference; fileEncoding = 4; lastKnownFileType = sourcecode.swift; path = ShippingInfo.swift; sourceTree = "<group>"; };
		3A115725221C96DB00205B0D /* User.swift */ = {isa = PBXFileReference; fileEncoding = 4; lastKnownFileType = sourcecode.swift; path = User.swift; sourceTree = "<group>"; };
		3A115726221C96DB00205B0D /* ShoppingCart.swift */ = {isa = PBXFileReference; fileEncoding = 4; lastKnownFileType = sourcecode.swift; path = ShoppingCart.swift; sourceTree = "<group>"; };
		3A115727221C96DB00205B0D /* Customer.swift */ = {isa = PBXFileReference; fileEncoding = 4; lastKnownFileType = sourcecode.swift; path = Customer.swift; sourceTree = "<group>"; };
		3A115728221C96DB00205B0D /* Administrator.swift */ = {isa = PBXFileReference; fileEncoding = 4; lastKnownFileType = sourcecode.swift; path = Administrator.swift; sourceTree = "<group>"; };
		3A115731221C9C3700205B0D /* StringEXT.swift */ = {isa = PBXFileReference; lastKnownFileType = sourcecode.swift; path = StringEXT.swift; sourceTree = "<group>"; };
		3A356D042223906400ABC392 /* IDisplay.swift */ = {isa = PBXFileReference; lastKnownFileType = sourcecode.swift; path = IDisplay.swift; sourceTree = "<group>"; };
		9B494B1F2220D0F000CD04B0 /* OrderStatus.swift */ = {isa = PBXFileReference; lastKnownFileType = sourcecode.swift; path = OrderStatus.swift; sourceTree = "<group>"; };
/* End PBXFileReference section */

/* Begin PBXFrameworksBuildPhase section */
		3A11570E221C8A6F00205B0D /* Frameworks */ = {
			isa = PBXFrameworksBuildPhase;
			buildActionMask = 2147483647;
			files = (
			);
			runOnlyForDeploymentPostprocessing = 0;
		};
/* End PBXFrameworksBuildPhase section */

/* Begin PBXGroup section */
		22897A10221F0C5300F89D48 /* Structurs */ = {
			isa = PBXGroup;
			children = (
				22897A0E221F0AD600F89D48 /* Items.swift */,
			);
			path = Structurs;
			sourceTree = "<group>";
		};
		22897A13221F2EED00F89D48 /* Enums */ = {
			isa = PBXGroup;
			children = (
				22897A14221F2F0F00F89D48 /* LoginStatus.swift */,
				227105532220681E00DC86A8 /* CustomError.swift */,
				9B494B1F2220D0F000CD04B0 /* OrderStatus.swift */,
			);
			path = Enums;
			sourceTree = "<group>";
		};
		3A115708221C8A6F00205B0D = {
			isa = PBXGroup;
			children = (
				3A115713221C8A6F00205B0D /* Group1_W2019_3004 */,
				3A115712221C8A6F00205B0D /* Products */,
			);
			sourceTree = "<group>";
		};
		3A115712221C8A6F00205B0D /* Products */ = {
			isa = PBXGroup;
			children = (
				3A115711221C8A6F00205B0D /* Group1_W2019_3004 */,
			);
			name = Products;
			sourceTree = "<group>";
		};
		3A115713221C8A6F00205B0D /* Group1_W2019_3004 */ = {
			isa = PBXGroup;
			children = (
				3A356D032223902900ABC392 /* Protocols */,
				22897A13221F2EED00F89D48 /* Enums */,
				22897A10221F0C5300F89D48 /* Structurs */,
				3A115730221C9C0500205B0D /* AllExtensions */,
				3A115728221C96DB00205B0D /* Administrator.swift */,
				3A115727221C96DB00205B0D /* Customer.swift */,
				3A115722221C96DA00205B0D /* OrderDetails.swift */,
				3A115723221C96DA00205B0D /* Orders.swift */,
				3A115724221C96DB00205B0D /* ShippingInfo.swift */,
				3A115726221C96DB00205B0D /* ShoppingCart.swift */,
				3A115725221C96DB00205B0D /* User.swift */,
				3A115714221C8A6F00205B0D /* main.swift */,
			);
			path = Group1_W2019_3004;
			sourceTree = "<group>";
		};
		3A115730221C9C0500205B0D /* AllExtensions */ = {
			isa = PBXGroup;
			children = (
				3A115731221C9C3700205B0D /* StringEXT.swift */,
				22897A11221F2D4E00F89D48 /* FloatEXT.swift */,
				22897A16221F3A9600F89D48 /* IntEXT.swift */,
				22897A18221F4B3F00F89D48 /* SetEXT.swift */,
			);
			path = AllExtensions;
			sourceTree = "<group>";
		};
		3A356D032223902900ABC392 /* Protocols */ = {
			isa = PBXGroup;
			children = (
				3A356D042223906400ABC392 /* IDisplay.swift */,
			);
			path = Protocols;
			sourceTree = "<group>";
		};
/* End PBXGroup section */

/* Begin PBXNativeTarget section */
		3A115710221C8A6F00205B0D /* Group1_W2019_3004 */ = {
			isa = PBXNativeTarget;
			buildConfigurationList = 3A115718221C8A6F00205B0D /* Build configuration list for PBXNativeTarget "Group1_W2019_3004" */;
			buildPhases = (
				3A11570D221C8A6F00205B0D /* Sources */,
				3A11570E221C8A6F00205B0D /* Frameworks */,
				3A11570F221C8A6F00205B0D /* CopyFiles */,
			);
			buildRules = (
			);
			dependencies = (
			);
			name = Group1_W2019_3004;
			productName = Group1_W2019_3004;
			productReference = 3A115711221C8A6F00205B0D /* Group1_W2019_3004 */;
			productType = "com.apple.product-type.tool";
		};
/* End PBXNativeTarget section */

/* Begin PBXProject section */
		3A115709221C8A6F00205B0D /* Project object */ = {
			isa = PBXProject;
			attributes = {
				LastSwiftUpdateCheck = 1010;
				LastUpgradeCheck = 1010;
				ORGANIZATIONNAME = Harsh;
				TargetAttributes = {
					3A115710221C8A6F00205B0D = {
						CreatedOnToolsVersion = 10.1;
					};
				};
			};
			buildConfigurationList = 3A11570C221C8A6F00205B0D /* Build configuration list for PBXProject "Group1_W2019_3004" */;
			compatibilityVersion = "Xcode 9.3";
			developmentRegion = en;
			hasScannedForEncodings = 0;
			knownRegions = (
				en,
			);
			mainGroup = 3A115708221C8A6F00205B0D;
			productRefGroup = 3A115712221C8A6F00205B0D /* Products */;
			projectDirPath = "";
			projectRoot = "";
			targets = (
				3A115710221C8A6F00205B0D /* Group1_W2019_3004 */,
			);
		};
/* End PBXProject section */

/* Begin PBXSourcesBuildPhase section */
		3A11570D221C8A6F00205B0D /* Sources */ = {
			isa = PBXSourcesBuildPhase;
			buildActionMask = 2147483647;
			files = (
				3A11572A221C96DB00205B0D /* Orders.swift in Sources */,
				22897A15221F2F0F00F89D48 /* LoginStatus.swift in Sources */,
				3A11572E221C96DB00205B0D /* Customer.swift in Sources */,
				3A115732221C9C3700205B0D /* StringEXT.swift in Sources */,
				3A11572D221C96DB00205B0D /* ShoppingCart.swift in Sources */,
				227105542220681E00DC86A8 /* CustomError.swift in Sources */,
				3A115715221C8A6F00205B0D /* main.swift in Sources */,
				22897A17221F3A9600F89D48 /* IntEXT.swift in Sources */,
				3A115729221C96DB00205B0D /* OrderDetails.swift in Sources */,
				3A356D052223906400ABC392 /* IDisplay.swift in Sources */,
				22897A19221F4B3F00F89D48 /* SetEXT.swift in Sources */,
				22897A12221F2D4E00F89D48 /* FloatEXT.swift in Sources */,
				22897A0F221F0AD600F89D48 /* Items.swift in Sources */,
				9B494B202220D0F000CD04B0 /* OrderStatus.swift in Sources */,
				3A11572C221C96DB00205B0D /* User.swift in Sources */,
				3A11572B221C96DB00205B0D /* ShippingInfo.swift in Sources */,
				3A11572F221C96DB00205B0D /* Administrator.swift in Sources */,
			);
			runOnlyForDeploymentPostprocessing = 0;
		};
/* End PBXSourcesBuildPhase section */

/* Begin XCBuildConfiguration section */
		3A115716221C8A6F00205B0D /* Debug */ = {
			isa = XCBuildConfiguration;
			buildSettings = {
				ALWAYS_SEARCH_USER_PATHS = NO;
				CLANG_ANALYZER_NONNULL = YES;
				CLANG_ANALYZER_NUMBER_OBJECT_CONVERSION = YES_AGGRESSIVE;
				CLANG_CXX_LANGUAGE_STANDARD = "gnu++14";
				CLANG_CXX_LIBRARY = "libc++";
				CLANG_ENABLE_MODULES = YES;
				CLANG_ENABLE_OBJC_ARC = YES;
				CLANG_ENABLE_OBJC_WEAK = YES;
				CLANG_WARN_BLOCK_CAPTURE_AUTORELEASING = YES;
				CLANG_WARN_BOOL_CONVERSION = YES;
				CLANG_WARN_COMMA = YES;
				CLANG_WARN_CONSTANT_CONVERSION = YES;
				CLANG_WARN_DEPRECATED_OBJC_IMPLEMENTATIONS = YES;
				CLANG_WARN_DIRECT_OBJC_ISA_USAGE = YES_ERROR;
				CLANG_WARN_DOCUMENTATION_COMMENTS = YES;
				CLANG_WARN_EMPTY_BODY = YES;
				CLANG_WARN_ENUM_CONVERSION = YES;
				CLANG_WARN_INFINITE_RECURSION = YES;
				CLANG_WARN_INT_CONVERSION = YES;
				CLANG_WARN_NON_LITERAL_NULL_CONVERSION = YES;
				CLANG_WARN_OBJC_IMPLICIT_RETAIN_SELF = YES;
				CLANG_WARN_OBJC_LITERAL_CONVERSION = YES;
				CLANG_WARN_OBJC_ROOT_CLASS = YES_ERROR;
				CLANG_WARN_RANGE_LOOP_ANALYSIS = YES;
				CLANG_WARN_STRICT_PROTOTYPES = YES;
				CLANG_WARN_SUSPICIOUS_MOVE = YES;
				CLANG_WARN_UNGUARDED_AVAILABILITY = YES_AGGRESSIVE;
				CLANG_WARN_UNREACHABLE_CODE = YES;
				CLANG_WARN__DUPLICATE_METHOD_MATCH = YES;
				CODE_SIGN_IDENTITY = "-";
				COPY_PHASE_STRIP = NO;
				DEBUG_INFORMATION_FORMAT = dwarf;
				ENABLE_STRICT_OBJC_MSGSEND = YES;
				ENABLE_TESTABILITY = YES;
				GCC_C_LANGUAGE_STANDARD = gnu11;
				GCC_DYNAMIC_NO_PIC = NO;
				GCC_NO_COMMON_BLOCKS = YES;
				GCC_OPTIMIZATION_LEVEL = 0;
				GCC_PREPROCESSOR_DEFINITIONS = (
					"DEBUG=1",
					"$(inherited)",
				);
				GCC_WARN_64_TO_32_BIT_CONVERSION = YES;
				GCC_WARN_ABOUT_RETURN_TYPE = YES_ERROR;
				GCC_WARN_UNDECLARED_SELECTOR = YES;
				GCC_WARN_UNINITIALIZED_AUTOS = YES_AGGRESSIVE;
				GCC_WARN_UNUSED_FUNCTION = YES;
				GCC_WARN_UNUSED_VARIABLE = YES;
				MACOSX_DEPLOYMENT_TARGET = 10.14;
				MTL_ENABLE_DEBUG_INFO = INCLUDE_SOURCE;
				MTL_FAST_MATH = YES;
				ONLY_ACTIVE_ARCH = YES;
				SDKROOT = macosx;
				SWIFT_ACTIVE_COMPILATION_CONDITIONS = DEBUG;
				SWIFT_OPTIMIZATION_LEVEL = "-Onone";
			};
			name = Debug;
		};
		3A115717221C8A6F00205B0D /* Release */ = {
			isa = XCBuildConfiguration;
			buildSettings = {
				ALWAYS_SEARCH_USER_PATHS = NO;
				CLANG_ANALYZER_NONNULL = YES;
				CLANG_ANALYZER_NUMBER_OBJECT_CONVERSION = YES_AGGRESSIVE;
				CLANG_CXX_LANGUAGE_STANDARD = "gnu++14";
				CLANG_CXX_LIBRARY = "libc++";
				CLANG_ENABLE_MODULES = YES;
				CLANG_ENABLE_OBJC_ARC = YES;
				CLANG_ENABLE_OBJC_WEAK = YES;
				CLANG_WARN_BLOCK_CAPTURE_AUTORELEASING = YES;
				CLANG_WARN_BOOL_CONVERSION = YES;
				CLANG_WARN_COMMA = YES;
				CLANG_WARN_CONSTANT_CONVERSION = YES;
				CLANG_WARN_DEPRECATED_OBJC_IMPLEMENTATIONS = YES;
				CLANG_WARN_DIRECT_OBJC_ISA_USAGE = YES_ERROR;
				CLANG_WARN_DOCUMENTATION_COMMENTS = YES;
				CLANG_WARN_EMPTY_BODY = YES;
				CLANG_WARN_ENUM_CONVERSION = YES;
				CLANG_WARN_INFINITE_RECURSION = YES;
				CLANG_WARN_INT_CONVERSION = YES;
				CLANG_WARN_NON_LITERAL_NULL_CONVERSION = YES;
				CLANG_WARN_OBJC_IMPLICIT_RETAIN_SELF = YES;
				CLANG_WARN_OBJC_LITERAL_CONVERSION = YES;
				CLANG_WARN_OBJC_ROOT_CLASS = YES_ERROR;
				CLANG_WARN_RANGE_LOOP_ANALYSIS = YES;
				CLANG_WARN_STRICT_PROTOTYPES = YES;
				CLANG_WARN_SUSPICIOUS_MOVE = YES;
				CLANG_WARN_UNGUARDED_AVAILABILITY = YES_AGGRESSIVE;
				CLANG_WARN_UNREACHABLE_CODE = YES;
				CLANG_WARN__DUPLICATE_METHOD_MATCH = YES;
				CODE_SIGN_IDENTITY = "-";
				COPY_PHASE_STRIP = NO;
				DEBUG_INFORMATION_FORMAT = "dwarf-with-dsym";
				ENABLE_NS_ASSERTIONS = NO;
				ENABLE_STRICT_OBJC_MSGSEND = YES;
				GCC_C_LANGUAGE_STANDARD = gnu11;
				GCC_NO_COMMON_BLOCKS = YES;
				GCC_WARN_64_TO_32_BIT_CONVERSION = YES;
				GCC_WARN_ABOUT_RETURN_TYPE = YES_ERROR;
				GCC_WARN_UNDECLARED_SELECTOR = YES;
				GCC_WARN_UNINITIALIZED_AUTOS = YES_AGGRESSIVE;
				GCC_WARN_UNUSED_FUNCTION = YES;
				GCC_WARN_UNUSED_VARIABLE = YES;
				MACOSX_DEPLOYMENT_TARGET = 10.14;
				MTL_ENABLE_DEBUG_INFO = NO;
				MTL_FAST_MATH = YES;
				SDKROOT = macosx;
				SWIFT_COMPILATION_MODE = wholemodule;
				SWIFT_OPTIMIZATION_LEVEL = "-O";
			};
			name = Release;
		};
		3A115719221C8A6F00205B0D /* Debug */ = {
			isa = XCBuildConfiguration;
			buildSettings = {
				CODE_SIGN_STYLE = Automatic;
				PRODUCT_NAME = "$(TARGET_NAME)";
				SWIFT_VERSION = 4.2;
			};
			name = Debug;
		};
		3A11571A221C8A6F00205B0D /* Release */ = {
			isa = XCBuildConfiguration;
			buildSettings = {
				CODE_SIGN_STYLE = Automatic;
				PRODUCT_NAME = "$(TARGET_NAME)";
				SWIFT_VERSION = 4.2;
			};
			name = Release;
		};
/* End XCBuildConfiguration section */

/* Begin XCConfigurationList section */
		3A11570C221C8A6F00205B0D /* Build configuration list for PBXProject "Group1_W2019_3004" */ = {
			isa = XCConfigurationList;
			buildConfigurations = (
				3A115716221C8A6F00205B0D /* Debug */,
				3A115717221C8A6F00205B0D /* Release */,
			);
			defaultConfigurationIsVisible = 0;
			defaultConfigurationName = Release;
		};
		3A115718221C8A6F00205B0D /* Build configuration list for PBXNativeTarget "Group1_W2019_3004" */ = {
			isa = XCConfigurationList;
			buildConfigurations = (
				3A115719221C8A6F00205B0D /* Debug */,
				3A11571A221C8A6F00205B0D /* Release */,
			);
			defaultConfigurationIsVisible = 0;
			defaultConfigurationName = Release;
		};
/* End XCConfigurationList section */
	};
	rootObject = 3A115709221C8A6F00205B0D /* Project object */;
}
